
Microsoft Visual Studio Solution File, Format Version 12.00
# Visual Studio 15
VisualStudioVersion = 15.0.27703.2000
MinimumVisualStudioVersion = 10.0.40219.1
Project("{9A19103F-16F7-4668-BE54-9A1E7A4F7556}") = "JamesMann.BotFramework.Middleware", "JamesMann.BotFramework.Middleware.csproj", "{4D0D220B-2A15-4FD1-9466-E36097751BDF}"
EndProject
Project("{9A19103F-16F7-4668-BE54-9A1E7A4F7556}") = "JamesMann.BotFramework.Client", "..\JamesMann.BotFramework.Client\JamesMann.BotFramework.Client.csproj", "{14D00FFB-01B0-47A6-9432-CBD7EC5EFFA1}"
EndProject
Project("{FAE04EC0-301F-11D3-BF4B-00C04F79EFBC}") = "JamesMann.BotFramework.Dialogs", "..\JamesMann.BotFramework.Dialogs\JamesMann.BotFramework.Dialogs.csproj", "{C19B58AC-D552-462A-A369-E5C3CD14CE1E}"
EndProject
Global
	GlobalSection(SolutionConfigurationPlatforms) = preSolution
		Debug|Any CPU = Debug|Any CPU
		Release|Any CPU = Release|Any CPU
	EndGlobalSection
	GlobalSection(ProjectConfigurationPlatforms) = postSolution
		{4D0D220B-2A15-4FD1-9466-E36097751BDF}.Debug|Any CPU.ActiveCfg = Debug|Any CPU
		{4D0D220B-2A15-4FD1-9466-E36097751BDF}.Debug|Any CPU.Build.0 = Debug|Any CPU
		{4D0D220B-2A15-4FD1-9466-E36097751BDF}.Release|Any CPU.ActiveCfg = Release|Any CPU
		{4D0D220B-2A15-4FD1-9466-E36097751BDF}.Release|Any CPU.Build.0 = Release|Any CPU
		{14D00FFB-01B0-47A6-9432-CBD7EC5EFFA1}.Debug|Any CPU.ActiveCfg = Debug|Any CPU
		{14D00FFB-01B0-47A6-9432-CBD7EC5EFFA1}.Debug|Any CPU.Build.0 = Debug|Any CPU
		{14D00FFB-01B0-47A6-9432-CBD7EC5EFFA1}.Release|Any CPU.ActiveCfg = Release|Any CPU
		{14D00FFB-01B0-47A6-9432-CBD7EC5EFFA1}.Release|Any CPU.Build.0 = Release|Any CPU
		{C19B58AC-D552-462A-A369-E5C3CD14CE1E}.Debug|Any CPU.ActiveCfg = Debug|Any CPU
		{C19B58AC-D552-462A-A369-E5C3CD14CE1E}.Debug|Any CPU.Build.0 = Debug|Any CPU
		{C19B58AC-D552-462A-A369-E5C3CD14CE1E}.Release|Any CPU.ActiveCfg = Release|Any CPU
		{C19B58AC-D552-462A-A369-E5C3CD14CE1E}.Release|Any CPU.Build.0 = Release|Any CPU
	EndGlobalSection
	GlobalSection(SolutionProperties) = preSolution
		HideSolutionNode = FALSE
	EndGlobalSection
	GlobalSection(ExtensibilityGlobals) = postSolution
		SolutionGuid = {C57FED53-7430-4FF8-AB73-AF96A18B3EF4}
	EndGlobalSection
EndGlobal
